
Microsoft Visual Studio Solution File, Format Version 12.00
# Visual Studio Version 17
VisualStudioVersion = 17.11.35222.181
MinimumVisualStudioVersion = 10.0.40219.1
Project("{FAE04EC0-301F-11D3-BF4B-00C04F79EFBC}") = "Cwiczenia1", "Cwiczenia1\Cwiczenia1.csproj", "{4250742D-B0B9-411A-986B-6A0FC048F16F}"
EndProject
Global
	GlobalSection(SolutionConfigurationPlatforms) = preSolution
		Debug|Any CPU = Debug|Any CPU
		Release|Any CPU = Release|Any CPU
	EndGlobalSection
	GlobalSection(ProjectConfigurationPlatforms) = postSolution
		{4250742D-B0B9-411A-986B-6A0FC048F16F}.Debug|Any CPU.ActiveCfg = Debug|Any CPU
		{4250742D-B0B9-411A-986B-6A0FC048F16F}.Debug|Any CPU.Build.0 = Debug|Any CPU
		{4250742D-B0B9-411A-986B-6A0FC048F16F}.Release|Any CPU.ActiveCfg = Release|Any CPU
		{4250742D-B0B9-411A-986B-6A0FC048F16F}.Release|Any CPU.Build.0 = Release|Any CPU
	EndGlobalSection
	GlobalSection(SolutionProperties) = preSolution
		HideSolutionNode = FALSE
	EndGlobalSection
	GlobalSection(ExtensibilityGlobals) = postSolution
		SolutionGuid = {AB8BB8D3-8B49-4971-A4FD-EED3CFB3D126}
	EndGlobalSection
EndGlobal
